{
    "version": "0.5",
    "requires": [
        "zlib/1.2.11#bfceb3f8904b735f75c2b0df5713b1e6%1743582315.558",
        "spdlog/1.15.3#855569172102c04e3e0db21ae95cf017%1767604739.328",
        "fmt/11.2.0#15c2efeeecd75ba2fb9dafbec8dfa4cc%1785754557.243"
    ],
    "build_requires": [],
    "python_requires": [],
    "config_requires": []
}
